// !$*UTF8*$!
{
	archiveVersion = 1;
	classes = {
	};
	objectVersion = 77;
	objects = {

/* Begin PBXContainerItemProxy section */
		0BABB6E22D95C2D4005BAFF8 /* PBXContainerItemProxy */ = {
			isa = PBXContainerItemProxy;
			containerPortal = 0BABB6C92D95C2D2005BAFF8 /* Project object */;
			proxyType = 1;
			remoteGlobalIDString = 0BABB6D02D95C2D2005BAFF8;
			remoteInfo = "Fossleep Lamp";
		};
		0BABB6EC2D95C2D4005BAFF8 /* PBXContainerItemProxy */ = {
			isa = PBXContainerItemProxy;
			containerPortal = 0BABB6C92D95C2D2005BAFF8 /* Project object */;
			proxyType = 1;
			remoteGlobalIDString = 0BABB6D02D95C2D2005BAFF8;
			remoteInfo = "Fossleep Lamp";
		};
/* End PBXContainerItemProxy section */

/* Begin PBXFileReference section */
		0BABB6D12D95C2D2005BAFF8 /* Fossleep Lamp.app */ = {isa = PBXFileReference; explicitFileType = wrapper.application; includeInIndex = 0; path = "Fossleep Lamp.app"; sourceTree = BUILT_PRODUCTS_DIR; };
		0BABB6E12D95C2D4005BAFF8 /* Fossleep LampTests.xctest */ = {isa = PBXFileReference; explicitFileType = wrapper.cfbundle; includeInIndex = 0; path = "Fossleep LampTests.xctest"; sourceTree = BUILT_PRODUCTS_DIR; };
		0BABB6EB2D95C2D4005BAFF8 /* Fossleep LampUITests.xctest */ = {isa = PBXFileReference; explicitFileType = wrapper.cfbundle; includeInIndex = 0; path = "Fossleep LampUITests.xctest"; sourceTree = BUILT_PRODUCTS_DIR; };
/* End PBXFileReference section */

/* Begin PBXFileSystemSynchronizedRootGroup section */
		0BABB6D32D95C2D2005BAFF8 /* Fossleep Lamp */ = {
			isa = PBXFileSystemSynchronizedRootGroup;
			path = "Fossleep Lamp";
			sourceTree = "<group>";
		};
		0BABB6E42D95C2D4005BAFF8 /* Fossleep LampTests */ = {
			isa = PBXFileSystemSynchronizedRootGroup;
			path = "Fossleep LampTests";
			sourceTree = "<group>";
		};
		0BABB6EE2D95C2D4005BAFF8 /* Fossleep LampUITests */ = {
			isa = PBXFileSystemSynchronizedRootGroup;
			path = "Fossleep LampUITests";
			sourceTree = "<group>";
		};
/* End PBXFileSystemSynchronizedRootGroup section */

/* Begin PBXFrameworksBuildPhase section */
		0BABB6CE2D95C2D2005BAFF8 /* Frameworks */ = {
			isa = PBXFrameworksBuildPhase;
			buildActionMask = 2147483647;
			files = (
			);
			runOnlyForDeploymentPostprocessing = 0;
		};
		0BABB6DE2D95C2D4005BAFF8 /* Frameworks */ = {
			isa = PBXFrameworksBuildPhase;
			buildActionMask = 2147483647;
			files = (
			);
			runOnlyForDeploymentPostprocessing = 0;
		};
		0BABB6E82D95C2D4005BAFF8 /* Frameworks */ = {
			isa = PBXFrameworksBuildPhase;
			buildActionMask = 2147483647;
			files = (
			);
			runOnlyForDeploymentPostprocessing = 0;
		};
/* End PBXFrameworksBuildPhase section */

/* Begin PBXGroup section */
		0BABB6C82D95C2D2005BAFF8 = {
			isa = PBXGroup;
			children = (
				0BABB6D32D95C2D2005BAFF8 /* Fossleep Lamp */,
				0BABB6E42D95C2D4005BAFF8 /* Fossleep LampTests */,
				0BABB6EE2D95C2D4005BAFF8 /* Fossleep LampUITests */,
				0BABB6D22D95C2D2005BAFF8 /* Products */,
			);
			sourceTree = "<group>";
		};
		0BABB6D22D95C2D2005BAFF8 /* Products */ = {
			isa = PBXGroup;
			children = (
				0BABB6D12D95C2D2005BAFF8 /* Fossleep Lamp.app */,
				0BABB6E12D95C2D4005BAFF8 /* Fossleep LampTests.xctest */,
				0BABB6EB2D95C2D4005BAFF8 /* Fossleep LampUITests.xctest */,
			);
			name = Products;
			sourceTree = "<group>";
		};
/* End PBXGroup section */

/* Begin PBXNativeTarget section */
		0BABB6D02D95C2D2005BAFF8 /* Fossleep Lamp */ = {
			isa = PBXNativeTarget;
			buildConfigurationList = 0BABB6F52D95C2D4005BAFF8 /* Build configuration list for PBXNativeTarget "Fossleep Lamp" */;
			buildPhases = (
				0BABB6CD2D95C2D2005BAFF8 /* Sources */,
				0BABB6CE2D95C2D2005BAFF8 /* Frameworks */,
				0BABB6CF2D95C2D2005BAFF8 /* Resources */,
			);
			buildRules = (
			);
			dependencies = (
			);
			fileSystemSynchronizedGroups = (
				0BABB6D32D95C2D2005BAFF8 /* Fossleep Lamp */,
			);
			name = "Fossleep Lamp";
			packageProductDependencies = (
			);
			productName = "Fossleep Lamp";
			productReference = 0BABB6D12D95C2D2005BAFF8 /* Fossleep Lamp.app */;
			productType = "com.apple.product-type.application";
		};
		0BABB6E02D95C2D4005BAFF8 /* Fossleep LampTests */ = {
			isa = PBXNativeTarget;
			buildConfigurationList = 0BABB6F82D95C2D4005BAFF8 /* Build configuration list for PBXNativeTarget "Fossleep LampTests" */;
			buildPhases = (
				0BABB6DD2D95C2D4005BAFF8 /* Sources */,
				0BABB6DE2D95C2D4005BAFF8 /* Frameworks */,
				0BABB6DF2D95C2D4005BAFF8 /* Resources */,
			);
			buildRules = (
			);
			dependencies = (
				0BABB6E32D95C2D4005BAFF8 /* PBXTargetDependency */,
			);
			fileSystemSynchronizedGroups = (
				0BABB6E42D95C2D4005BAFF8 /* Fossleep LampTests */,
			);
			name = "Fossleep LampTests";
			packageProductDependencies = (
			);
			productName = "Fossleep LampTests";
			productReference = 0BABB6E12D95C2D4005BAFF8 /* Fossleep LampTests.xctest */;
			productType = "com.apple.product-type.bundle.unit-test";
		};
		0BABB6EA2D95C2D4005BAFF8 /* Fossleep LampUITests */ = {
			isa = PBXNativeTarget;
			buildConfigurationList = 0BABB6FB2D95C2D4005BAFF8 /* Build configuration list for PBXNativeTarget "Fossleep LampUITests" */;
			buildPhases = (
				0BABB6E72D95C2D4005BAFF8 /* Sources */,
				0BABB6E82D95C2D4005BAFF8 /* Frameworks */,
				0BABB6E92D95C2D4005BAFF8 /* Resources */,
			);
			buildRules = (
			);
			dependencies = (
				0BABB6ED2D95C2D4005BAFF8 /* PBXTargetDependency */,
			);
			fileSystemSynchronizedGroups = (
				0BABB6EE2D95C2D4005BAFF8 /* Fossleep LampUITests */,
			);
			name = "Fossleep LampUITests";
			packageProductDependencies = (
			);
			productName = "Fossleep LampUITests";
			productReference = 0BABB6EB2D95C2D4005BAFF8 /* Fossleep LampUITests.xctest */;
			productType = "com.apple.product-type.bundle.ui-testing";
		};
/* End PBXNativeTarget section */

/* Begin PBXProject section */
		0BABB6C92D95C2D2005BAFF8 /* Project object */ = {
			isa = PBXProject;
			attributes = {
				BuildIndependentTargetsInParallel = 1;
				LastSwiftUpdateCheck = 1620;
				LastUpgradeCheck = 1620;
				TargetAttributes = {
					0BABB6D02D95C2D2005BAFF8 = {
						CreatedOnToolsVersion = 16.2;
					};
					0BABB6E02D95C2D4005BAFF8 = {
						CreatedOnToolsVersion = 16.2;
						TestTargetID = 0BABB6D02D95C2D2005BAFF8;
					};
					0BABB6EA2D95C2D4005BAFF8 = {
						CreatedOnToolsVersion = 16.2;
						TestTargetID = 0BABB6D02D95C2D2005BAFF8;
					};
				};
			};
			buildConfigurationList = 0BABB6CC2D95C2D2005BAFF8 /* Build configuration list for PBXProject "Fossleep Lamp" */;
			developmentRegion = en;
			hasScannedForEncodings = 0;
			knownRegions = (
				en,
				Base,
			);
			mainGroup = 0BABB6C82D95C2D2005BAFF8;
			minimizedProjectReferenceProxies = 1;
			preferredProjectObjectVersion = 77;
			productRefGroup = 0BABB6D22D95C2D2005BAFF8 /* Products */;
			projectDirPath = "";
			projectRoot = "";
			targets = (
				0BABB6D02D95C2D2005BAFF8 /* Fossleep Lamp */,
				0BABB6E02D95C2D4005BAFF8 /* Fossleep LampTests */,
				0BABB6EA2D95C2D4005BAFF8 /* Fossleep LampUITests */,
			);
		};
/* End PBXProject section */

/* Begin PBXResourcesBuildPhase section */
		0BABB6CF2D95C2D2005BAFF8 /* Resources */ = {
			isa = PBXResourcesBuildPhase;
			buildActionMask = 2147483647;
			files = (
			);
			runOnlyForDeploymentPostprocessing = 0;
		};
		0BABB6DF2D95C2D4005BAFF8 /* Resources */ = {
			isa = PBXResourcesBuildPhase;
			buildActionMask = 2147483647;
			files = (
			);
			runOnlyForDeploymentPostprocessing = 0;
		};
		0BABB6E92D95C2D4005BAFF8 /* Resources */ = {
			isa = PBXResourcesBuildPhase;
			buildActionMask = 2147483647;
			files = (
			);
			runOnlyForDeploymentPostprocessing = 0;
		};
/* End PBXResourcesBuildPhase section */

/* Begin PBXSourcesBuildPhase section */
		0BABB6CD2D95C2D2005BAFF8 /* Sources */ = {
			isa = PBXSourcesBuildPhase;
			buildActionMask = 2147483647;
			files = (
			);
			runOnlyForDeploymentPostprocessing = 0;
		};
		0BABB6DD2D95C2D4005BAFF8 /* Sources */ = {
			isa = PBXSourcesBuildPhase;
			buildActionMask = 2147483647;
			files = (
			);
			runOnlyForDeploymentPostprocessing = 0;
		};
		0BABB6E72D95C2D4005BAFF8 /* Sources */ = {
			isa = PBXSourcesBuildPhase;
			buildActionMask = 2147483647;
			files = (
			);
			runOnlyForDeploymentPostprocessing = 0;
		};
/* End PBXSourcesBuildPhase section */

/* Begin PBXTargetDependency section */
		0BABB6E32D95C2D4005BAFF8 /* PBXTargetDependency */ = {
			isa = PBXTargetDependency;
			target = 0BABB6D02D95C2D2005BAFF8 /* Fossleep Lamp */;
			targetProxy = 0BABB6E22D95C2D4005BAFF8 /* PBXContainerItemProxy */;
		};
		0BABB6ED2D95C2D4005BAFF8 /* PBXTargetDependency */ = {
			isa = PBXTargetDependency;
			target = 0BABB6D02D95C2D2005BAFF8 /* Fossleep Lamp */;
			targetProxy = 0BABB6EC2D95C2D4005BAFF8 /* PBXContainerItemProxy */;
		};
/* End PBXTargetDependency section */

/* Begin XCBuildConfiguration section */
		0BABB6F32D95C2D4005BAFF8 /* Debug */ = {
			isa = XCBuildConfiguration;
			buildSettings = {
				ALWAYS_SEARCH_USER_PATHS = NO;
				ASSETCATALOG_COMPILER_GENERATE_SWIFT_ASSET_SYMBOL_EXTENSIONS = YES;
				CLANG_ANALYZER_NONNULL = YES;
				CLANG_ANALYZER_NUMBER_OBJECT_CONVERSION = YES_AGGRESSIVE;
				CLANG_CXX_LANGUAGE_STANDARD = "gnu++20";
				CLANG_ENABLE_MODULES = YES;
				CLANG_ENABLE_OBJC_ARC = YES;
				CLANG_ENABLE_OBJC_WEAK = YES;
				CLANG_WARN_BLOCK_CAPTURE_AUTORELEASING = YES;
				CLANG_WARN_BOOL_CONVERSION = YES;
				CLANG_WARN_COMMA = YES;
				CLANG_WARN_CONSTANT_CONVERSION = YES;
				CLANG_WARN_DEPRECATED_OBJC_IMPLEMENTATIONS = YES;
				CLANG_WARN_DIRECT_OBJC_ISA_USAGE = YES_ERROR;
				CLANG_WARN_DOCUMENTATION_COMMENTS = YES;
				CLANG_WARN_EMPTY_BODY = YES;
				CLANG_WARN_ENUM_CONVERSION = YES;
				CLANG_WARN_INFINITE_RECURSION = YES;
				CLANG_WARN_INT_CONVERSION = YES;
				CLANG_WARN_NON_LITERAL_NULL_CONVERSION = YES;
				CLANG_WARN_OBJC_IMPLICIT_RETAIN_SELF = YES;
				CLANG_WARN_OBJC_LITERAL_CONVERSION = YES;
				CLANG_WARN_OBJC_ROOT_CLASS = YES_ERROR;
				CLANG_WARN_QUOTED_INCLUDE_IN_FRAMEWORK_HEADER = YES;
				CLANG_WARN_RANGE_LOOP_ANALYSIS = YES;
				CLANG_WARN_STRICT_PROTOTYPES = YES;
				CLANG_WARN_SUSPICIOUS_MOVE = YES;
				CLANG_WARN_UNGUARDED_AVAILABILITY = YES_AGGRESSIVE;
				CLANG_WARN_UNREACHABLE_CODE = YES;
				CLANG_WARN__DUPLICATE_METHOD_MATCH = YES;
				COPY_PHASE_STRIP = NO;
				DEBUG_INFORMATION_FORMAT = dwarf;
				ENABLE_STRICT_OBJC_MSGSEND = YES;
				ENABLE_TESTABILITY = YES;
				ENABLE_USER_SCRIPT_SANDBOXING = YES;
				GCC_C_LANGUAGE_STANDARD = gnu17;
				GCC_DYNAMIC_NO_PIC = NO;
				GCC_NO_COMMON_BLOCKS = YES;
				GCC_OPTIMIZATION_LEVEL = 0;
				GCC_PREPROCESSOR_DEFINITIONS = (
					"DEBUG=1",
					"$(inherited)",
				);
				GCC_WARN_64_TO_32_BIT_CONVERSION = YES;
				GCC_WARN_ABOUT_RETURN_TYPE = YES_ERROR;
				GCC_WARN_UNDECLARED_SELECTOR = YES;
				GCC_WARN_UNINITIALIZED_AUTOS = YES_AGGRESSIVE;
				GCC_WARN_UNUSED_FUNCTION = YES;
				GCC_WARN_UNUSED_VARIABLE = YES;
				IPHONEOS_DEPLOYMENT_TARGET = 18.2;
				LOCALIZATION_PREFERS_STRING_CATALOGS = YES;
				MTL_ENABLE_DEBUG_INFO = INCLUDE_SOURCE;
				MTL_FAST_MATH = YES;
				ONLY_ACTIVE_ARCH = YES;
				SDKROOT = iphoneos;
				SWIFT_ACTIVE_COMPILATION_CONDITIONS = "DEBUG $(inherited)";
				SWIFT_OPTIMIZATION_LEVEL = "-Onone";
			};
			name = Debug;
		};
		0BABB6F42D95C2D4005BAFF8 /* Release */ = {
			isa = XCBuildConfiguration;
			buildSettings = {
				ALWAYS_SEARCH_USER_PATHS = NO;
				ASSETCATALOG_COMPILER_GENERATE_SWIFT_ASSET_SYMBOL_EXTENSIONS = YES;
				CLANG_ANALYZER_NONNULL = YES;
				CLANG_ANALYZER_NUMBER_OBJECT_CONVERSION = YES_AGGRESSIVE;
				CLANG_CXX_LANGUAGE_STANDARD = "gnu++20";
				CLANG_ENABLE_MODULES = YES;
				CLANG_ENABLE_OBJC_ARC = YES;
				CLANG_ENABLE_OBJC_WEAK = YES;
				CLANG_WARN_BLOCK_CAPTURE_AUTORELEASING = YES;
				CLANG_WARN_BOOL_CONVERSION = YES;
				CLANG_WARN_COMMA = YES;
				CLANG_WARN_CONSTANT_CONVERSION = YES;
				CLANG_WARN_DEPRECATED_OBJC_IMPLEMENTATIONS = YES;
				CLANG_WARN_DIRECT_OBJC_ISA_USAGE = YES_ERROR;
				CLANG_WARN_DOCUMENTATION_COMMENTS = YES;
				CLANG_WARN_EMPTY_BODY = YES;
				CLANG_WARN_ENUM_CONVERSION = YES;
				CLANG_WARN_INFINITE_RECURSION = YES;
				CLANG_WARN_INT_CONVERSION = YES;
				CLANG_WARN_NON_LITERAL_NULL_CONVERSION = YES;
				CLANG_WARN_OBJC_IMPLICIT_RETAIN_SELF = YES;
				CLANG_WARN_OBJC_LITERAL_CONVERSION = YES;
				CLANG_WARN_OBJC_ROOT_CLASS = YES_ERROR;
				CLANG_WARN_QUOTED_INCLUDE_IN_FRAMEWORK_HEADER = YES;
				CLANG_WARN_RANGE_LOOP_ANALYSIS = YES;
				CLANG_WARN_STRICT_PROTOTYPES = YES;
				CLANG_WARN_SUSPICIOUS_MOVE = YES;
				CLANG_WARN_UNGUARDED_AVAILABILITY = YES_AGGRESSIVE;
				CLANG_WARN_UNREACHABLE_CODE = YES;
				CLANG_WARN__DUPLICATE_METHOD_MATCH = YES;
				COPY_PHASE_STRIP = NO;
				DEBUG_INFORMATION_FORMAT = "dwarf-with-dsym";
				ENABLE_NS_ASSERTIONS = NO;
				ENABLE_STRICT_OBJC_MSGSEND = YES;
				ENABLE_USER_SCRIPT_SANDBOXING = YES;
				GCC_C_LANGUAGE_STANDARD = gnu17;
				GCC_NO_COMMON_BLOCKS = YES;
				GCC_WARN_64_TO_32_BIT_CONVERSION = YES;
				GCC_WARN_ABOUT_RETURN_TYPE = YES_ERROR;
				GCC_WARN_UNDECLARED_SELECTOR = YES;
				GCC_WARN_UNINITIALIZED_AUTOS = YES_AGGRESSIVE;
				GCC_WARN_UNUSED_FUNCTION = YES;
				GCC_WARN_UNUSED_VARIABLE = YES;
				IPHONEOS_DEPLOYMENT_TARGET = 18.2;
				LOCALIZATION_PREFERS_STRING_CATALOGS = YES;
				MTL_ENABLE_DEBUG_INFO = NO;
				MTL_FAST_MATH = YES;
				SDKROOT = iphoneos;
				SWIFT_COMPILATION_MODE = wholemodule;
				VALIDATE_PRODUCT = YES;
			};
			name = Release;
		};
		0BABB6F62D95C2D4005BAFF8 /* Debug */ = {
			isa = XCBuildConfiguration;
			buildSettings = {
				ASSETCATALOG_COMPILER_APPICON_NAME = AppIcon;
				ASSETCATALOG_COMPILER_GLOBAL_ACCENT_COLOR_NAME = AccentColor;
				CODE_SIGN_STYLE = Automatic;
				CURRENT_PROJECT_VERSION = 1;
				DEVELOPMENT_ASSET_PATHS = "\"Fossleep Lamp/Preview Content\"";
				ENABLE_PREVIEWS = YES;
				GENERATE_INFOPLIST_FILE = YES;
				INFOPLIST_KEY_UIApplicationSceneManifest_Generation = YES;
				INFOPLIST_KEY_UIApplicationSupportsIndirectInputEvents = YES;
				INFOPLIST_KEY_UILaunchScreen_Generation = YES;
				INFOPLIST_KEY_UISupportedInterfaceOrientations_iPad = "UIInterfaceOrientationPortrait UIInterfaceOrientationPortraitUpsideDown UIInterfaceOrientationLandscapeLeft UIInterfaceOrientationLandscapeRight";
				INFOPLIST_KEY_UISupportedInterfaceOrientations_iPhone = "UIInterfaceOrientationPortrait UIInterfaceOrientationLandscapeLeft UIInterfaceOrientationLandscapeRight";
				IPHONEOS_DEPLOYMENT_TARGET = 17.5;
				LD_RUNPATH_SEARCH_PATHS = (
					"$(inherited)",
					"@executable_path/Frameworks",
				);
				MARKETING_VERSION = 1.0;
				PRODUCT_BUNDLE_IDENTIFIER = "iasmotru.Fossleep-Lamp";
				PRODUCT_NAME = "$(TARGET_NAME)";
				SWIFT_EMIT_LOC_STRINGS = YES;
				SWIFT_VERSION = 5.0;
				TARGETED_DEVICE_FAMILY = "1,2";
			};
			name = Debug;
		};
		0BABB6F72D95C2D4005BAFF8 /* Release */ = {
			isa = XCBuildConfiguration;
			buildSettings = {
				ASSETCATALOG_COMPILER_APPICON_NAME = AppIcon;
				ASSETCATALOG_COMPILER_GLOBAL_ACCENT_COLOR_NAME = AccentColor;
				CODE_SIGN_STYLE = Automatic;
				CURRENT_PROJECT_VERSION = 1;
				DEVELOPMENT_ASSET_PATHS = "\"Fossleep Lamp/Preview Content\"";
				ENABLE_PREVIEWS = YES;
				GENERATE_INFOPLIST_FILE = YES;
				INFOPLIST_KEY_UIApplicationSceneManifest_Generation = YES;
				INFOPLIST_KEY_UIApplicationSupportsIndirectInputEvents = YES;
				INFOPLIST_KEY_UILaunchScreen_Generation = YES;
				INFOPLIST_KEY_UISupportedInterfaceOrientations_iPad = "UIInterfaceOrientationPortrait UIInterfaceOrientationPortraitUpsideDown UIInterfaceOrientationLandscapeLeft UIInterfaceOrientationLandscapeRight";
				INFOPLIST_KEY_UISupportedInterfaceOrientations_iPhone = "UIInterfaceOrientationPortrait UIInterfaceOrientationLandscapeLeft UIInterfaceOrientationLandscapeRight";
				IPHONEOS_DEPLOYMENT_TARGET = 17.5;
				LD_RUNPATH_SEARCH_PATHS = (
					"$(inherited)",
					"@executable_path/Frameworks",
				);
				MARKETING_VERSION = 1.0;
				PRODUCT_BUNDLE_IDENTIFIER = "iasmotru.Fossleep-Lamp";
				PRODUCT_NAME = "$(TARGET_NAME)";
				SWIFT_EMIT_LOC_STRINGS = YES;
				SWIFT_VERSION = 5.0;
				TARGETED_DEVICE_FAMILY = "1,2";
			};
			name = Release;
		};
		0BABB6F92D95C2D4005BAFF8 /* Debug */ = {
			isa = XCBuildConfiguration;
			buildSettings = {
				BUNDLE_LOADER = "$(TEST_HOST)";
				CODE_SIGN_STYLE = Automatic;
				CURRENT_PROJECT_VERSION = 1;
				GENERATE_INFOPLIST_FILE = YES;
				IPHONEOS_DEPLOYMENT_TARGET = 18.2;
				MARKETING_VERSION = 1.0;
				PRODUCT_BUNDLE_IDENTIFIER = "iasmotru.Fossleep-LampTests";
				PRODUCT_NAME = "$(TARGET_NAME)";
				SWIFT_EMIT_LOC_STRINGS = NO;
				SWIFT_VERSION = 5.0;
				TARGETED_DEVICE_FAMILY = "1,2";
				TEST_HOST = "$(BUILT_PRODUCTS_DIR)/Fossleep Lamp.app/$(BUNDLE_EXECUTABLE_FOLDER_PATH)/Fossleep Lamp";
			};
			name = Debug;
		};
		0BABB6FA2D95C2D4005BAFF8 /* Release */ = {
			isa = XCBuildConfiguration;
			buildSettings = {
				BUNDLE_LOADER = "$(TEST_HOST)";
				CODE_SIGN_STYLE = Automatic;
				CURRENT_PROJECT_VERSION = 1;
				GENERATE_INFOPLIST_FILE = YES;
				IPHONEOS_DEPLOYMENT_TARGET = 18.2;
				MARKETING_VERSION = 1.0;
				PRODUCT_BUNDLE_IDENTIFIER = "iasmotru.Fossleep-LampTests";
				PRODUCT_NAME = "$(TARGET_NAME)";
				SWIFT_EMIT_LOC_STRINGS = NO;
				SWIFT_VERSION = 5.0;
				TARGETED_DEVICE_FAMILY = "1,2";
				TEST_HOST = "$(BUILT_PRODUCTS_DIR)/Fossleep Lamp.app/$(BUNDLE_EXECUTABLE_FOLDER_PATH)/Fossleep Lamp";
			};
			name = Release;
		};
		0BABB6FC2D95C2D4005BAFF8 /* Debug */ = {
			isa = XCBuildConfiguration;
			buildSettings = {
				CODE_SIGN_STYLE = Automatic;
				CURRENT_PROJECT_VERSION = 1;
				GENERATE_INFOPLIST_FILE = YES;
				MARKETING_VERSION = 1.0;
				PRODUCT_BUNDLE_IDENTIFIER = "iasmotru.Fossleep-LampUITests";
				PRODUCT_NAME = "$(TARGET_NAME)";
				SWIFT_EMIT_LOC_STRINGS = NO;
				SWIFT_VERSION = 5.0;
				TARGETED_DEVICE_FAMILY = "1,2";
				TEST_TARGET_NAME = "Fossleep Lamp";
			};
			name = Debug;
		};
		0BABB6FD2D95C2D4005BAFF8 /* Release */ = {
			isa = XCBuildConfiguration;
			buildSettings = {
				CODE_SIGN_STYLE = Automatic;
				CURRENT_PROJECT_VERSION = 1;
				GENERATE_INFOPLIST_FILE = YES;
				MARKETING_VERSION = 1.0;
				PRODUCT_BUNDLE_IDENTIFIER = "iasmotru.Fossleep-LampUITests";
				PRODUCT_NAME = "$(TARGET_NAME)";
				SWIFT_EMIT_LOC_STRINGS = NO;
				SWIFT_VERSION = 5.0;
				TARGETED_DEVICE_FAMILY = "1,2";
				TEST_TARGET_NAME = "Fossleep Lamp";
			};
			name = Release;
		};
/* End XCBuildConfiguration section */

/* Begin XCConfigurationList section */
		0BABB6CC2D95C2D2005BAFF8 /* Build configuration list for PBXProject "Fossleep Lamp" */ = {
			isa = XCConfigurationList;
			buildConfigurations = (
				0BABB6F32D95C2D4005BAFF8 /* Debug */,
				0BABB6F42D95C2D4005BAFF8 /* Release */,
			);
			defaultConfigurationIsVisible = 0;
			defaultConfigurationName = Release;
		};
		0BABB6F52D95C2D4005BAFF8 /* Build configuration list for PBXNativeTarget "Fossleep Lamp" */ = {
			isa = XCConfigurationList;
			buildConfigurations = (
				0BABB6F62D95C2D4005BAFF8 /* Debug */,
				0BABB6F72D95C2D4005BAFF8 /* Release */,
			);
			defaultConfigurationIsVisible = 0;
			defaultConfigurationName = Release;
		};
		0BABB6F82D95C2D4005BAFF8 /* Build configuration list for PBXNativeTarget "Fossleep LampTests" */ = {
			isa = XCConfigurationList;
			buildConfigurations = (
				0BABB6F92D95C2D4005BAFF8 /* Debug */,
				0BABB6FA2D95C2D4005BAFF8 /* Release */,
			);
			defaultConfigurationIsVisible = 0;
			defaultConfigurationName = Release;
		};
		0BABB6FB2D95C2D4005BAFF8 /* Build configuration list for PBXNativeTarget "Fossleep LampUITests" */ = {
			isa = XCConfigurationList;
			buildConfigurations = (
				0BABB6FC2D95C2D4005BAFF8 /* Debug */,
				0BABB6FD2D95C2D4005BAFF8 /* Release */,
			);
			defaultConfigurationIsVisible = 0;
			defaultConfigurationName = Release;
		};
/* End XCConfigurationList section */
	};
	rootObject = 0BABB6C92D95C2D2005BAFF8 /* Project object */;
}
